
Microsoft Visual Studio Solution File, Format Version 12.00
# Visual Studio Version 17
VisualStudioVersion = 17.13.35806.99
MinimumVisualStudioVersion = 10.0.40219.1
Project("{8BC9CEB8-8B4A-11D0-8D11-00A0C91BC942}") = "CG2-00-01", "CG2-00-01.vcxproj", "{7BB8AFE6-B31B-47C5-BE6E-0BE0A9CD17DF}"
	ProjectSection(ProjectDependencies) = postProject
		{B4FE40B7-2E04-4C6D-A8E2-0D9682B96D34} = {B4FE40B7-2E04-4C6D-A8E2-0D9682B96D34}
	EndProjectSection
EndProject
Project("{2150E333-8FDC-42A3-9474-1A3956D46DE8}") = "ソリューション項目", "ソリューション項目", "{2022CB0F-8BAF-F49E-0C48-8EF4C96EC109}"
	ProjectSection(SolutionItems) = preProject
		.editorconfig = .editorconfig
	EndProjectSection
EndProject
Project("{8BC9CEB8-8B4A-11D0-8D11-00A0C91BC942}") = "DirectXTex", "externals\DirectXTex\DirectXTex_Desktop_2022_Win10.vcxproj", "{371B9FA9-4C90-4AC6-A123-ACED756D6C77}"
EndProject
Project("{2150E333-8FDC-42A3-9474-1A3956D46DE8}") = "externals", "externals", "{DDB4EF12-CC4E-5E88-E6FC-71A802F4DE97}"
EndProject
Project("{8BC9CEB8-8B4A-11D0-8D11-00A0C91BC942}") = "imgui", "imgui\imgui.vcxproj", "{B4FE40B7-2E04-4C6D-A8E2-0D9682B96D34}"
EndProject
Global
	GlobalSection(SolutionConfigurationPlatforms) = preSolution
		Debug|x64 = Debug|x64
		Development|x64 = Development|x64
		Release|x64 = Release|x64
	EndGlobalSection
	GlobalSection(ProjectConfigurationPlatforms) = postSolution
		{7BB8AFE6-B31B-47C5-BE6E-0BE0A9CD17DF}.Debug|x64.ActiveCfg = Debug|x64
		{7BB8AFE6-B31B-47C5-BE6E-0BE0A9CD17DF}.Debug|x64.Build.0 = Debug|x64
		{7BB8AFE6-B31B-47C5-BE6E-0BE0A9CD17DF}.Development|x64.ActiveCfg = Development|x64
		{7BB8AFE6-B31B-47C5-BE6E-0BE0A9CD17DF}.Development|x64.Build.0 = Development|x64
		{7BB8AFE6-B31B-47C5-BE6E-0BE0A9CD17DF}.Release|x64.ActiveCfg = Release|x64
		{7BB8AFE6-B31B-47C5-BE6E-0BE0A9CD17DF}.Release|x64.Build.0 = Release|x64
		{371B9FA9-4C90-4AC6-A123-ACED756D6C77}.Debug|x64.ActiveCfg = Debug|x64
		{371B9FA9-4C90-4AC6-A123-ACED756D6C77}.Debug|x64.Build.0 = Debug|x64
		{371B9FA9-4C90-4AC6-A123-ACED756D6C77}.Development|x64.ActiveCfg = Development|x64
		{371B9FA9-4C90-4AC6-A123-ACED756D6C77}.Development|x64.Build.0 = Development|x64
		{371B9FA9-4C90-4AC6-A123-ACED756D6C77}.Release|x64.ActiveCfg = Release|x64
		{371B9FA9-4C90-4AC6-A123-ACED756D6C77}.Release|x64.Build.0 = Release|x64
		{B4FE40B7-2E04-4C6D-A8E2-0D9682B96D34}.Debug|x64.ActiveCfg = Debug|x64
		{B4FE40B7-2E04-4C6D-A8E2-0D9682B96D34}.Debug|x64.Build.0 = Debug|x64
		{B4FE40B7-2E04-4C6D-A8E2-0D9682B96D34}.Development|x64.ActiveCfg = Release|x64
		{B4FE40B7-2E04-4C6D-A8E2-0D9682B96D34}.Development|x64.Build.0 = Release|x64
		{B4FE40B7-2E04-4C6D-A8E2-0D9682B96D34}.Release|x64.ActiveCfg = Release|x64
		{B4FE40B7-2E04-4C6D-A8E2-0D9682B96D34}.Release|x64.Build.0 = Release|x64
	EndGlobalSection
	GlobalSection(SolutionProperties) = preSolution
		HideSolutionNode = FALSE
	EndGlobalSection
	GlobalSection(NestedProjects) = preSolution
		{371B9FA9-4C90-4AC6-A123-ACED756D6C77} = {DDB4EF12-CC4E-5E88-E6FC-71A802F4DE97}
		{B4FE40B7-2E04-4C6D-A8E2-0D9682B96D34} = {DDB4EF12-CC4E-5E88-E6FC-71A802F4DE97}
	EndGlobalSection
	GlobalSection(ExtensibilityGlobals) = postSolution
		SolutionGuid = {1C3D22F4-6985-4A51-B6AD-9621B1C07BE3}
	EndGlobalSection
EndGlobal
